// !$*UTF8*$!
{
	archiveVersion = 1;
	classes = {
	};
	objectVersion = 56;
	objects = {

/* Begin PBXBuildFile section */
		813BA7942BF041A1005E10B0 /* PedoptApp.swift in Sources */ = {isa = PBXBuildFile; fileRef = 813BA7932BF041A1005E10B0 /* PedoptApp.swift */; };
		813BA7962BF041A1005E10B0 /* OnboardingView.swift in Sources */ = {isa = PBXBuildFile; fileRef = 813BA7952BF041A1005E10B0 /* OnboardingView.swift */; };
		813BA7982BF041A2005E10B0 /* Assets.xcassets in Resources */ = {isa = PBXBuildFile; fileRef = 813BA7972BF041A2005E10B0 /* Assets.xcassets */; };
		813BA79B2BF041A2005E10B0 /* Preview Assets.xcassets in Resources */ = {isa = PBXBuildFile; fileRef = 813BA79A2BF041A2005E10B0 /* Preview Assets.xcassets */; };
		813BA79D2BF041A2005E10B0 /* Persistence.swift in Sources */ = {isa = PBXBuildFile; fileRef = 813BA79C2BF041A2005E10B0 /* Persistence.swift */; };
		813BA7A02BF041A2005E10B0 /* Pedopt.xcdatamodeld in Sources */ = {isa = PBXBuildFile; fileRef = 813BA79E2BF041A2005E10B0 /* Pedopt.xcdatamodeld */; };
		813BA7A72BF05B17005E10B0 /* LoginView.swift in Sources */ = {isa = PBXBuildFile; fileRef = 813BA7A62BF05B17005E10B0 /* LoginView.swift */; };
		813BA7AC2BF10D44005E10B0 /* RegisterView.swift in Sources */ = {isa = PBXBuildFile; fileRef = 813BA7AB2BF10D44005E10B0 /* RegisterView.swift */; };
		813BA7AF2BF11A91005E10B0 /* MainView.swift in Sources */ = {isa = PBXBuildFile; fileRef = 813BA7AE2BF11A91005E10B0 /* MainView.swift */; };
		813BA7B22BF11DC2005E10B0 /* FirebaseAuth in Frameworks */ = {isa = PBXBuildFile; productRef = 813BA7B12BF11DC2005E10B0 /* FirebaseAuth */; };
		813BA7B42BF11DC2005E10B0 /* FirebaseFirestore in Frameworks */ = {isa = PBXBuildFile; productRef = 813BA7B32BF11DC2005E10B0 /* FirebaseFirestore */; };
		813BA7B82BF1C83B005E10B0 /* HomeView.swift in Sources */ = {isa = PBXBuildFile; fileRef = 813BA7B72BF1C83B005E10B0 /* HomeView.swift */; };
		813BA7BD2BF1CA66005E10B0 /* MessageView.swift in Sources */ = {isa = PBXBuildFile; fileRef = 813BA7BC2BF1CA66005E10B0 /* MessageView.swift */; };
		813BA7BF2BF1CA73005E10B0 /* FavoritesView.swift in Sources */ = {isa = PBXBuildFile; fileRef = 813BA7BE2BF1CA73005E10B0 /* FavoritesView.swift */; };
		813BA7C12BF1CA80005E10B0 /* ProfileView.swift in Sources */ = {isa = PBXBuildFile; fileRef = 813BA7C02BF1CA80005E10B0 /* ProfileView.swift */; };
/* End PBXBuildFile section */

/* Begin PBXFileReference section */
		813BA7902BF041A1005E10B0 /* Pedopt.app */ = {isa = PBXFileReference; explicitFileType = wrapper.application; includeInIndex = 0; path = Pedopt.app; sourceTree = BUILT_PRODUCTS_DIR; };
		813BA7932BF041A1005E10B0 /* PedoptApp.swift */ = {isa = PBXFileReference; lastKnownFileType = sourcecode.swift; path = PedoptApp.swift; sourceTree = "<group>"; };
		813BA7952BF041A1005E10B0 /* OnboardingView.swift */ = {isa = PBXFileReference; lastKnownFileType = sourcecode.swift; path = OnboardingView.swift; sourceTree = "<group>"; };
		813BA7972BF041A2005E10B0 /* Assets.xcassets */ = {isa = PBXFileReference; lastKnownFileType = folder.assetcatalog; path = Assets.xcassets; sourceTree = "<group>"; };
		813BA79A2BF041A2005E10B0 /* Preview Assets.xcassets */ = {isa = PBXFileReference; lastKnownFileType = folder.assetcatalog; path = "Preview Assets.xcassets"; sourceTree = "<group>"; };
		813BA79C2BF041A2005E10B0 /* Persistence.swift */ = {isa = PBXFileReference; lastKnownFileType = sourcecode.swift; path = Persistence.swift; sourceTree = "<group>"; };
		813BA79F2BF041A2005E10B0 /* Pedopt.xcdatamodel */ = {isa = PBXFileReference; lastKnownFileType = wrapper.xcdatamodel; path = Pedopt.xcdatamodel; sourceTree = "<group>"; };
		813BA7A62BF05B17005E10B0 /* LoginView.swift */ = {isa = PBXFileReference; lastKnownFileType = sourcecode.swift; path = LoginView.swift; sourceTree = "<group>"; };
		813BA7AB2BF10D44005E10B0 /* RegisterView.swift */ = {isa = PBXFileReference; lastKnownFileType = sourcecode.swift; path = RegisterView.swift; sourceTree = "<group>"; };
		813BA7AE2BF11A91005E10B0 /* MainView.swift */ = {isa = PBXFileReference; lastKnownFileType = sourcecode.swift; path = MainView.swift; sourceTree = "<group>"; };
		813BA7B72BF1C83B005E10B0 /* HomeView.swift */ = {isa = PBXFileReference; lastKnownFileType = sourcecode.swift; path = HomeView.swift; sourceTree = "<group>"; };
		813BA7BC2BF1CA66005E10B0 /* MessageView.swift */ = {isa = PBXFileReference; lastKnownFileType = sourcecode.swift; path = MessageView.swift; sourceTree = "<group>"; };
		813BA7BE2BF1CA73005E10B0 /* FavoritesView.swift */ = {isa = PBXFileReference; lastKnownFileType = sourcecode.swift; path = FavoritesView.swift; sourceTree = "<group>"; };
		813BA7C02BF1CA80005E10B0 /* ProfileView.swift */ = {isa = PBXFileReference; lastKnownFileType = sourcecode.swift; path = ProfileView.swift; sourceTree = "<group>"; };
/* End PBXFileReference section */

/* Begin PBXFrameworksBuildPhase section */
		813BA78D2BF041A1005E10B0 /* Frameworks */ = {
			isa = PBXFrameworksBuildPhase;
			buildActionMask = 2147483647;
			files = (
				813BA7B22BF11DC2005E10B0 /* FirebaseAuth in Frameworks */,
				813BA7B42BF11DC2005E10B0 /* FirebaseFirestore in Frameworks */,
			);
			runOnlyForDeploymentPostprocessing = 0;
		};
/* End PBXFrameworksBuildPhase section */

/* Begin PBXGroup section */
		813BA7872BF041A1005E10B0 = {
			isa = PBXGroup;
			children = (
				813BA7922BF041A1005E10B0 /* Pedopt */,
				813BA7912BF041A1005E10B0 /* Products */,
			);
			sourceTree = "<group>";
		};
		813BA7912BF041A1005E10B0 /* Products */ = {
			isa = PBXGroup;
			children = (
				813BA7902BF041A1005E10B0 /* Pedopt.app */,
			);
			name = Products;
			sourceTree = "<group>";
		};
		813BA7922BF041A1005E10B0 /* Pedopt */ = {
			isa = PBXGroup;
			children = (
				813BA7932BF041A1005E10B0 /* PedoptApp.swift */,
				813BA7952BF041A1005E10B0 /* OnboardingView.swift */,
				813BA7A92BF069B2005E10B0 /* Login */,
				813BA7AA2BF10D2D005E10B0 /* Register */,
				813BA7AD2BF11A75005E10B0 /* Pages */,
				813BA7B52BF16344005E10B0 /* Core Data */,
				813BA7972BF041A2005E10B0 /* Assets.xcassets */,
				813BA7992BF041A2005E10B0 /* Preview Content */,
			);
			path = Pedopt;
			sourceTree = "<group>";
		};
		813BA7992BF041A2005E10B0 /* Preview Content */ = {
			isa = PBXGroup;
			children = (
				813BA79A2BF041A2005E10B0 /* Preview Assets.xcassets */,
			);
			path = "Preview Content";
			sourceTree = "<group>";
		};
		813BA7A92BF069B2005E10B0 /* Login */ = {
			isa = PBXGroup;
			children = (
				813BA7A62BF05B17005E10B0 /* LoginView.swift */,
			);
			path = Login;
			sourceTree = "<group>";
		};
		813BA7AA2BF10D2D005E10B0 /* Register */ = {
			isa = PBXGroup;
			children = (
				813BA7AB2BF10D44005E10B0 /* RegisterView.swift */,
			);
			path = Register;
			sourceTree = "<group>";
		};
		813BA7AD2BF11A75005E10B0 /* Pages */ = {
			isa = PBXGroup;
			children = (
				813BA7AE2BF11A91005E10B0 /* MainView.swift */,
				813BA7B62BF1C806005E10B0 /* Home */,
				813BA7B92BF1CA3B005E10B0 /* Message */,
				813BA7BA2BF1CA42005E10B0 /* Favorites */,
				813BA7BB2BF1CA48005E10B0 /* Profile */,
			);
			path = Pages;
			sourceTree = "<group>";
		};
		813BA7B52BF16344005E10B0 /* Core Data */ = {
			isa = PBXGroup;
			children = (
				813BA79C2BF041A2005E10B0 /* Persistence.swift */,
				813BA79E2BF041A2005E10B0 /* Pedopt.xcdatamodeld */,
			);
			path = "Core Data";
			sourceTree = "<group>";
		};
		813BA7B62BF1C806005E10B0 /* Home */ = {
			isa = PBXGroup;
			children = (
				813BA7B72BF1C83B005E10B0 /* HomeView.swift */,
			);
			path = Home;
			sourceTree = "<group>";
		};
		813BA7B92BF1CA3B005E10B0 /* Message */ = {
			isa = PBXGroup;
			children = (
				813BA7BC2BF1CA66005E10B0 /* MessageView.swift */,
			);
			path = Message;
			sourceTree = "<group>";
		};
		813BA7BA2BF1CA42005E10B0 /* Favorites */ = {
			isa = PBXGroup;
			children = (
				813BA7BE2BF1CA73005E10B0 /* FavoritesView.swift */,
			);
			path = Favorites;
			sourceTree = "<group>";
		};
		813BA7BB2BF1CA48005E10B0 /* Profile */ = {
			isa = PBXGroup;
			children = (
				813BA7C02BF1CA80005E10B0 /* ProfileView.swift */,
			);
			path = Profile;
			sourceTree = "<group>";
		};
/* End PBXGroup section */

/* Begin PBXNativeTarget section */
		813BA78F2BF041A1005E10B0 /* Pedopt */ = {
			isa = PBXNativeTarget;
			buildConfigurationList = 813BA7A32BF041A2005E10B0 /* Build configuration list for PBXNativeTarget "Pedopt" */;
			buildPhases = (
				813BA78C2BF041A1005E10B0 /* Sources */,
				813BA78D2BF041A1005E10B0 /* Frameworks */,
				813BA78E2BF041A1005E10B0 /* Resources */,
			);
			buildRules = (
			);
			dependencies = (
			);
			name = Pedopt;
			packageProductDependencies = (
				813BA7B12BF11DC2005E10B0 /* FirebaseAuth */,
				813BA7B32BF11DC2005E10B0 /* FirebaseFirestore */,
			);
			productName = Pedopt;
			productReference = 813BA7902BF041A1005E10B0 /* Pedopt.app */;
			productType = "com.apple.product-type.application";
		};
/* End PBXNativeTarget section */

/* Begin PBXProject section */
		813BA7882BF041A1005E10B0 /* Project object */ = {
			isa = PBXProject;
			attributes = {
				BuildIndependentTargetsInParallel = 1;
				LastSwiftUpdateCheck = 1530;
				LastUpgradeCheck = 1530;
				TargetAttributes = {
					813BA78F2BF041A1005E10B0 = {
						CreatedOnToolsVersion = 15.3;
					};
				};
			};
			buildConfigurationList = 813BA78B2BF041A1005E10B0 /* Build configuration list for PBXProject "Pedopt" */;
			compatibilityVersion = "Xcode 14.0";
			developmentRegion = en;
			hasScannedForEncodings = 0;
			knownRegions = (
				en,
				Base,
			);
			mainGroup = 813BA7872BF041A1005E10B0;
			packageReferences = (
				813BA7B02BF11DC2005E10B0 /* XCRemoteSwiftPackageReference "firebase-ios-sdk" */,
			);
			productRefGroup = 813BA7912BF041A1005E10B0 /* Products */;
			projectDirPath = "";
			projectRoot = "";
			targets = (
				813BA78F2BF041A1005E10B0 /* Pedopt */,
			);
		};
/* End PBXProject section */

/* Begin PBXResourcesBuildPhase section */
		813BA78E2BF041A1005E10B0 /* Resources */ = {
			isa = PBXResourcesBuildPhase;
			buildActionMask = 2147483647;
			files = (
				813BA79B2BF041A2005E10B0 /* Preview Assets.xcassets in Resources */,
				813BA7982BF041A2005E10B0 /* Assets.xcassets in Resources */,
			);
			runOnlyForDeploymentPostprocessing = 0;
		};
/* End PBXResourcesBuildPhase section */

/* Begin PBXSourcesBuildPhase section */
		813BA78C2BF041A1005E10B0 /* Sources */ = {
			isa = PBXSourcesBuildPhase;
			buildActionMask = 2147483647;
			files = (
				813BA7BF2BF1CA73005E10B0 /* FavoritesView.swift in Sources */,
				813BA79D2BF041A2005E10B0 /* Persistence.swift in Sources */,
				813BA7AF2BF11A91005E10B0 /* MainView.swift in Sources */,
				813BA7962BF041A1005E10B0 /* OnboardingView.swift in Sources */,
				813BA7BD2BF1CA66005E10B0 /* MessageView.swift in Sources */,
				813BA7942BF041A1005E10B0 /* PedoptApp.swift in Sources */,
				813BA7AC2BF10D44005E10B0 /* RegisterView.swift in Sources */,
				813BA7B82BF1C83B005E10B0 /* HomeView.swift in Sources */,
				813BA7A72BF05B17005E10B0 /* LoginView.swift in Sources */,
				813BA7C12BF1CA80005E10B0 /* ProfileView.swift in Sources */,
				813BA7A02BF041A2005E10B0 /* Pedopt.xcdatamodeld in Sources */,
			);
			runOnlyForDeploymentPostprocessing = 0;
		};
/* End PBXSourcesBuildPhase section */

/* Begin XCBuildConfiguration section */
		813BA7A12BF041A2005E10B0 /* Debug */ = {
			isa = XCBuildConfiguration;
			buildSettings = {
				ALWAYS_SEARCH_USER_PATHS = NO;
				ASSETCATALOG_COMPILER_GENERATE_SWIFT_ASSET_SYMBOL_EXTENSIONS = YES;
				CLANG_ANALYZER_NONNULL = YES;
				CLANG_ANALYZER_NUMBER_OBJECT_CONVERSION = YES_AGGRESSIVE;
				CLANG_CXX_LANGUAGE_STANDARD = "gnu++20";
				CLANG_ENABLE_MODULES = YES;
				CLANG_ENABLE_OBJC_ARC = YES;
				CLANG_ENABLE_OBJC_WEAK = YES;
				CLANG_WARN_BLOCK_CAPTURE_AUTORELEASING = YES;
				CLANG_WARN_BOOL_CONVERSION = YES;
				CLANG_WARN_COMMA = YES;
				CLANG_WARN_CONSTANT_CONVERSION = YES;
				CLANG_WARN_DEPRECATED_OBJC_IMPLEMENTATIONS = YES;
				CLANG_WARN_DIRECT_OBJC_ISA_USAGE = YES_ERROR;
				CLANG_WARN_DOCUMENTATION_COMMENTS = YES;
				CLANG_WARN_EMPTY_BODY = YES;
				CLANG_WARN_ENUM_CONVERSION = YES;
				CLANG_WARN_INFINITE_RECURSION = YES;
				CLANG_WARN_INT_CONVERSION = YES;
				CLANG_WARN_NON_LITERAL_NULL_CONVERSION = YES;
				CLANG_WARN_OBJC_IMPLICIT_RETAIN_SELF = YES;
				CLANG_WARN_OBJC_LITERAL_CONVERSION = YES;
				CLANG_WARN_OBJC_ROOT_CLASS = YES_ERROR;
				CLANG_WARN_QUOTED_INCLUDE_IN_FRAMEWORK_HEADER = YES;
				CLANG_WARN_RANGE_LOOP_ANALYSIS = YES;
				CLANG_WARN_STRICT_PROTOTYPES = YES;
				CLANG_WARN_SUSPICIOUS_MOVE = YES;
				CLANG_WARN_UNGUARDED_AVAILABILITY = YES_AGGRESSIVE;
				CLANG_WARN_UNREACHABLE_CODE = YES;
				CLANG_WARN__DUPLICATE_METHOD_MATCH = YES;
				COPY_PHASE_STRIP = NO;
				DEBUG_INFORMATION_FORMAT = dwarf;
				ENABLE_STRICT_OBJC_MSGSEND = YES;
				ENABLE_TESTABILITY = YES;
				ENABLE_USER_SCRIPT_SANDBOXING = YES;
				GCC_C_LANGUAGE_STANDARD = gnu17;
				GCC_DYNAMIC_NO_PIC = NO;
				GCC_NO_COMMON_BLOCKS = YES;
				GCC_OPTIMIZATION_LEVEL = 0;
				GCC_PREPROCESSOR_DEFINITIONS = (
					"DEBUG=1",
					"$(inherited)",
				);
				GCC_WARN_64_TO_32_BIT_CONVERSION = YES;
				GCC_WARN_ABOUT_RETURN_TYPE = YES_ERROR;
				GCC_WARN_UNDECLARED_SELECTOR = YES;
				GCC_WARN_UNINITIALIZED_AUTOS = YES_AGGRESSIVE;
				GCC_WARN_UNUSED_FUNCTION = YES;
				GCC_WARN_UNUSED_VARIABLE = YES;
				IPHONEOS_DEPLOYMENT_TARGET = 17.4;
				LOCALIZATION_PREFERS_STRING_CATALOGS = YES;
				MTL_ENABLE_DEBUG_INFO = INCLUDE_SOURCE;
				MTL_FAST_MATH = YES;
				ONLY_ACTIVE_ARCH = YES;
				SDKROOT = iphoneos;
				SWIFT_ACTIVE_COMPILATION_CONDITIONS = "DEBUG $(inherited)";
				SWIFT_OPTIMIZATION_LEVEL = "-Onone";
			};
			name = Debug;
		};
		813BA7A22BF041A2005E10B0 /* Release */ = {
			isa = XCBuildConfiguration;
			buildSettings = {
				ALWAYS_SEARCH_USER_PATHS = NO;
				ASSETCATALOG_COMPILER_GENERATE_SWIFT_ASSET_SYMBOL_EXTENSIONS = YES;
				CLANG_ANALYZER_NONNULL = YES;
				CLANG_ANALYZER_NUMBER_OBJECT_CONVERSION = YES_AGGRESSIVE;
				CLANG_CXX_LANGUAGE_STANDARD = "gnu++20";
				CLANG_ENABLE_MODULES = YES;
				CLANG_ENABLE_OBJC_ARC = YES;
				CLANG_ENABLE_OBJC_WEAK = YES;
				CLANG_WARN_BLOCK_CAPTURE_AUTORELEASING = YES;
				CLANG_WARN_BOOL_CONVERSION = YES;
				CLANG_WARN_COMMA = YES;
				CLANG_WARN_CONSTANT_CONVERSION = YES;
				CLANG_WARN_DEPRECATED_OBJC_IMPLEMENTATIONS = YES;
				CLANG_WARN_DIRECT_OBJC_ISA_USAGE = YES_ERROR;
				CLANG_WARN_DOCUMENTATION_COMMENTS = YES;
				CLANG_WARN_EMPTY_BODY = YES;
				CLANG_WARN_ENUM_CONVERSION = YES;
				CLANG_WARN_INFINITE_RECURSION = YES;
				CLANG_WARN_INT_CONVERSION = YES;
				CLANG_WARN_NON_LITERAL_NULL_CONVERSION = YES;
				CLANG_WARN_OBJC_IMPLICIT_RETAIN_SELF = YES;
				CLANG_WARN_OBJC_LITERAL_CONVERSION = YES;
				CLANG_WARN_OBJC_ROOT_CLASS = YES_ERROR;
				CLANG_WARN_QUOTED_INCLUDE_IN_FRAMEWORK_HEADER = YES;
				CLANG_WARN_RANGE_LOOP_ANALYSIS = YES;
				CLANG_WARN_STRICT_PROTOTYPES = YES;
				CLANG_WARN_SUSPICIOUS_MOVE = YES;
				CLANG_WARN_UNGUARDED_AVAILABILITY = YES_AGGRESSIVE;
				CLANG_WARN_UNREACHABLE_CODE = YES;
				CLANG_WARN__DUPLICATE_METHOD_MATCH = YES;
				COPY_PHASE_STRIP = NO;
				DEBUG_INFORMATION_FORMAT = "dwarf-with-dsym";
				ENABLE_NS_ASSERTIONS = NO;
				ENABLE_STRICT_OBJC_MSGSEND = YES;
				ENABLE_USER_SCRIPT_SANDBOXING = YES;
				GCC_C_LANGUAGE_STANDARD = gnu17;
				GCC_NO_COMMON_BLOCKS = YES;
				GCC_WARN_64_TO_32_BIT_CONVERSION = YES;
				GCC_WARN_ABOUT_RETURN_TYPE = YES_ERROR;
				GCC_WARN_UNDECLARED_SELECTOR = YES;
				GCC_WARN_UNINITIALIZED_AUTOS = YES_AGGRESSIVE;
				GCC_WARN_UNUSED_FUNCTION = YES;
				GCC_WARN_UNUSED_VARIABLE = YES;
				IPHONEOS_DEPLOYMENT_TARGET = 17.4;
				LOCALIZATION_PREFERS_STRING_CATALOGS = YES;
				MTL_ENABLE_DEBUG_INFO = NO;
				MTL_FAST_MATH = YES;
				SDKROOT = iphoneos;
				SWIFT_COMPILATION_MODE = wholemodule;
				VALIDATE_PRODUCT = YES;
			};
			name = Release;
		};
		813BA7A42BF041A2005E10B0 /* Debug */ = {
			isa = XCBuildConfiguration;
			buildSettings = {
				ASSETCATALOG_COMPILER_APPICON_NAME = AppIcon;
				ASSETCATALOG_COMPILER_GLOBAL_ACCENT_COLOR_NAME = AccentColor;
				CODE_SIGN_STYLE = Automatic;
				CURRENT_PROJECT_VERSION = 1;
				DEVELOPMENT_ASSET_PATHS = "\"Pedopt/Preview Content\"";
				DEVELOPMENT_TEAM = 7L2B356GHZ;
				ENABLE_PREVIEWS = YES;
				GENERATE_INFOPLIST_FILE = YES;
				INFOPLIST_KEY_UIApplicationSceneManifest_Generation = YES;
				INFOPLIST_KEY_UIApplicationSupportsIndirectInputEvents = YES;
				INFOPLIST_KEY_UILaunchScreen_Generation = YES;
				INFOPLIST_KEY_UISupportedInterfaceOrientations_iPad = "UIInterfaceOrientationPortrait UIInterfaceOrientationPortraitUpsideDown UIInterfaceOrientationLandscapeLeft UIInterfaceOrientationLandscapeRight";
				INFOPLIST_KEY_UISupportedInterfaceOrientations_iPhone = "UIInterfaceOrientationPortrait UIInterfaceOrientationLandscapeLeft UIInterfaceOrientationLandscapeRight";
				LD_RUNPATH_SEARCH_PATHS = (
					"$(inherited)",
					"@executable_path/Frameworks",
				);
				MARKETING_VERSION = 1.0;
				PRODUCT_BUNDLE_IDENTIFIER = "com.aman-giri.Pedopt";
				PRODUCT_NAME = "$(TARGET_NAME)";
				SWIFT_EMIT_LOC_STRINGS = YES;
				SWIFT_VERSION = 5.0;
				TARGETED_DEVICE_FAMILY = "1,2";
			};
			name = Debug;
		};
		813BA7A52BF041A2005E10B0 /* Release */ = {
			isa = XCBuildConfiguration;
			buildSettings = {
				ASSETCATALOG_COMPILER_APPICON_NAME = AppIcon;
				ASSETCATALOG_COMPILER_GLOBAL_ACCENT_COLOR_NAME = AccentColor;
				CODE_SIGN_STYLE = Automatic;
				CURRENT_PROJECT_VERSION = 1;
				DEVELOPMENT_ASSET_PATHS = "\"Pedopt/Preview Content\"";
				DEVELOPMENT_TEAM = 7L2B356GHZ;
				ENABLE_PREVIEWS = YES;
				GENERATE_INFOPLIST_FILE = YES;
				INFOPLIST_KEY_UIApplicationSceneManifest_Generation = YES;
				INFOPLIST_KEY_UIApplicationSupportsIndirectInputEvents = YES;
				INFOPLIST_KEY_UILaunchScreen_Generation = YES;
				INFOPLIST_KEY_UISupportedInterfaceOrientations_iPad = "UIInterfaceOrientationPortrait UIInterfaceOrientationPortraitUpsideDown UIInterfaceOrientationLandscapeLeft UIInterfaceOrientationLandscapeRight";
				INFOPLIST_KEY_UISupportedInterfaceOrientations_iPhone = "UIInterfaceOrientationPortrait UIInterfaceOrientationLandscapeLeft UIInterfaceOrientationLandscapeRight";
				LD_RUNPATH_SEARCH_PATHS = (
					"$(inherited)",
					"@executable_path/Frameworks",
				);
				MARKETING_VERSION = 1.0;
				PRODUCT_BUNDLE_IDENTIFIER = "com.aman-giri.Pedopt";
				PRODUCT_NAME = "$(TARGET_NAME)";
				SWIFT_EMIT_LOC_STRINGS = YES;
				SWIFT_VERSION = 5.0;
				TARGETED_DEVICE_FAMILY = "1,2";
			};
			name = Release;
		};
/* End XCBuildConfiguration section */

/* Begin XCConfigurationList section */
		813BA78B2BF041A1005E10B0 /* Build configuration list for PBXProject "Pedopt" */ = {
			isa = XCConfigurationList;
			buildConfigurations = (
				813BA7A12BF041A2005E10B0 /* Debug */,
				813BA7A22BF041A2005E10B0 /* Release */,
			);
			defaultConfigurationIsVisible = 0;
			defaultConfigurationName = Release;
		};
		813BA7A32BF041A2005E10B0 /* Build configuration list for PBXNativeTarget "Pedopt" */ = {
			isa = XCConfigurationList;
			buildConfigurations = (
				813BA7A42BF041A2005E10B0 /* Debug */,
				813BA7A52BF041A2005E10B0 /* Release */,
			);
			defaultConfigurationIsVisible = 0;
			defaultConfigurationName = Release;
		};
/* End XCConfigurationList section */

/* Begin XCRemoteSwiftPackageReference section */
		813BA7B02BF11DC2005E10B0 /* XCRemoteSwiftPackageReference "firebase-ios-sdk" */ = {
			isa = XCRemoteSwiftPackageReference;
			repositoryURL = "https://github.com/firebase/firebase-ios-sdk.git";
			requirement = {
				kind = upToNextMajorVersion;
				minimumVersion = 10.25.0;
			};
		};
/* End XCRemoteSwiftPackageReference section */

/* Begin XCSwiftPackageProductDependency section */
		813BA7B12BF11DC2005E10B0 /* FirebaseAuth */ = {
			isa = XCSwiftPackageProductDependency;
			package = 813BA7B02BF11DC2005E10B0 /* XCRemoteSwiftPackageReference "firebase-ios-sdk" */;
			productName = FirebaseAuth;
		};
		813BA7B32BF11DC2005E10B0 /* FirebaseFirestore */ = {
			isa = XCSwiftPackageProductDependency;
			package = 813BA7B02BF11DC2005E10B0 /* XCRemoteSwiftPackageReference "firebase-ios-sdk" */;
			productName = FirebaseFirestore;
		};
/* End XCSwiftPackageProductDependency section */

/* Begin XCVersionGroup section */
		813BA79E2BF041A2005E10B0 /* Pedopt.xcdatamodeld */ = {
			isa = XCVersionGroup;
			children = (
				813BA79F2BF041A2005E10B0 /* Pedopt.xcdatamodel */,
			);
			currentVersion = 813BA79F2BF041A2005E10B0 /* Pedopt.xcdatamodel */;
			path = Pedopt.xcdatamodeld;
			sourceTree = "<group>";
			versionGroupType = wrapper.xcdatamodel;
		};
/* End XCVersionGroup section */
	};
	rootObject = 813BA7882BF041A1005E10B0 /* Project object */;
}
